
Microsoft Visual Studio Solution File, Format Version 12.00
# Visual Studio 15
Project("{FAE04EC0-301F-11D3-BF4B-00C04F79EFBC}") = "lazy-coinbase-commerce-sample-net-core", "lazy-coinbase-commerce-sample-net-core\lazy-coinbase-commerce-sample-net-core.csproj", "{107BB3F4-FC97-42EE-AD17-A617074167AD}"
EndProject
Global
	GlobalSection(SolutionConfigurationPlatforms) = preSolution
		Debug|Any CPU = Debug|Any CPU
		Release|Any CPU = Release|Any CPU
	EndGlobalSection
	GlobalSection(ProjectConfigurationPlatforms) = postSolution
		{107BB3F4-FC97-42EE-AD17-A617074167AD}.Debug|Any CPU.ActiveCfg = Debug|Any CPU
		{107BB3F4-FC97-42EE-AD17-A617074167AD}.Debug|Any CPU.Build.0 = Debug|Any CPU
		{107BB3F4-FC97-42EE-AD17-A617074167AD}.Release|Any CPU.ActiveCfg = Release|Any CPU
		{107BB3F4-FC97-42EE-AD17-A617074167AD}.Release|Any CPU.Build.0 = Release|Any CPU
	EndGlobalSection
EndGlobal
